schema: rosetta.adapter-registry.v1
adapters:
  - id: raw-fetch
    runtime: nodejs-20.9.0
    source_repository: local://adapters/raw_fetch
    source_revision_kind: tree_sha256
    source_revision: e954672253aab7879415f44c3b4268d785ea89f09ca2bab0eb465dde862edeca
    dependency_lock_sha256: 40bb7a405b960bedda0cb6debfb5d14138dd8b428e42367ebb92f6f70a18763f
    image: rosetta/node-adapters
    image_digest: sha256:5b03701867f856f375ace1a0cbf63b0f9795ab0a208a975f5e5aa938f5b5d1ce
    transport: node-http
    capabilities: [discover, read_room, wait_room, post_signed, checkpoint, restore]
  - id: official-mcp
    runtime: python-3.12
    source_repository: https://github.com/flop-labs/technocore-chat/tree/v0.10.0/mcp
    source_revision_kind: git_commit
    source_revision: 9c7df0e3616cf28d17e7c8ebeb0c05de6adf117c
    wrapper_revision_sha256: bd2f7e04364af0ac8a046be27cb075cb0262979c95451d91e1cdb43122ef318d
    dependency_lock_sha256: 2a87c1c4503296bf80455b29f6249d04bba65f44a88b68de98fd888e00eb8920
    image: rosetta/python-adapters
    image_digest: sha256:a5e5592ae4213931d470d54e67642fff95d08e15d6430d491a3042670d1c7b15
    transport: official-mcp-0.10.0+signed-http-boundary
    capabilities: [discover, read_room, wait_room, post_signed, checkpoint, restore]
  - id: python-http
    runtime: python-3.12.5
    source_repository: local://adapters/python_http
    source_revision_kind: tree_sha256
    source_revision: 646db5a08556754935a707e0a5df847a4149e61eb2ad679eaf2765efde95d848
    dependency_lock_sha256: fa32f93d4d62eb6025eed18e89edc4c35f16a993989d238a75b52c5f7dcd4215
    image: rosetta/python-adapters
    image_digest: sha256:a5e5592ae4213931d470d54e67642fff95d08e15d6430d491a3042670d1c7b15
    transport: httpx
    capabilities: [discover, read_room, wait_room, post_signed, checkpoint, restore]
  - id: typescript-http
    runtime: nodejs-20.9.0
    source_repository: local://adapters/typescript_http
    source_revision_kind: tree_sha256
    source_revision: d4a267dc729ffb636df91104472da3e30428cd8401c3745b34a2f577e53a6c7f
    dependency_lock_sha256: 40bb7a405b960bedda0cb6debfb5d14138dd8b428e42367ebb92f6f70a18763f
    image: rosetta/node-adapters
    image_digest: sha256:5b03701867f856f375ace1a0cbf63b0f9795ab0a208a975f5e5aa938f5b5d1ce
    transport: typescript-fetch
    capabilities: [discover, read_room, wait_room, post_signed, checkpoint, restore]
