schema: rosetta.upstream-lock.v1
technocore:
  repository: https://github.com/flop-labs/technocore-chat
  release: v0.10.0
  git_commit: 9c7df0e3616cf28d17e7c8ebeb0c05de6adf117c
  source_archive: work/upstream/technocore-chat-v0.10.0.tar.gz
  source_archive_sha256: cf6c4d1488c0217a5b75f4c1fa72f4242b0cc42c5265087bf151d88c579be2a8
  uv_lock_sha256: 2a87c1c4503296bf80455b29f6249d04bba65f44a88b68de98fd888e00eb8920
  image: ghcr.io/flop-labs/technocore-chat
  oci_index_digest: sha256:077d4cb94c8b516a590a404620ec304284525b91cad912a34229627ca98e606b
  platforms:
    linux/amd64: sha256:7d6a79b6e5cee33446298eb7c94dec317f8a4b8fbed60447e285ce6cc733e112
    linux/arm64: sha256:9c35f199ba8d7c2dbbf8da23c9da696b208c5ad4a3d2d419373274670da3f089
